
Microsoft Visual Studio Solution File, Format Version 12.00
# Visual Studio 15
VisualStudioVersion = 15.0.27130.2027
MinimumVisualStudioVersion = 10.0.40219.1
Project("{FAE04EC0-301F-11D3-BF4B-00C04F79EFBC}") = "palindrom", "palindrom\palindrom.csproj", "{27B791AA-4C26-42BF-94B4-E00D4A45A50B}"
EndProject
Global
	GlobalSection(SolutionConfigurationPlatforms) = preSolution
		Debug|Any CPU = Debug|Any CPU
		Release|Any CPU = Release|Any CPU
	EndGlobalSection
	GlobalSection(ProjectConfigurationPlatforms) = postSolution
		{27B791AA-4C26-42BF-94B4-E00D4A45A50B}.Debug|Any CPU.ActiveCfg = Debug|Any CPU
		{27B791AA-4C26-42BF-94B4-E00D4A45A50B}.Debug|Any CPU.Build.0 = Debug|Any CPU
		{27B791AA-4C26-42BF-94B4-E00D4A45A50B}.Release|Any CPU.ActiveCfg = Release|Any CPU
		{27B791AA-4C26-42BF-94B4-E00D4A45A50B}.Release|Any CPU.Build.0 = Release|Any CPU
	EndGlobalSection
	GlobalSection(SolutionProperties) = preSolution
		HideSolutionNode = FALSE
	EndGlobalSection
	GlobalSection(ExtensibilityGlobals) = postSolution
		SolutionGuid = {1044D2F6-2F5C-4759-A1D0-313E547FB268}
	EndGlobalSection
EndGlobal
