
Microsoft Visual Studio Solution File, Format Version 12.00
# Visual Studio 15
VisualStudioVersion = 15.0.27130.2027
MinimumVisualStudioVersion = 10.0.40219.1
Project("{FAE04EC0-301F-11D3-BF4B-00C04F79EFBC}") = "PrimeNumbersUntilEnteredNumber", "PrimeNumbersUntilEnteredNumber\PrimeNumbersUntilEnteredNumber.csproj", "{CD8E7C90-90CF-4453-9AEE-BFFC4668E2D3}"
EndProject
Global
	GlobalSection(SolutionConfigurationPlatforms) = preSolution
		Debug|Any CPU = Debug|Any CPU
		Release|Any CPU = Release|Any CPU
	EndGlobalSection
	GlobalSection(ProjectConfigurationPlatforms) = postSolution
		{CD8E7C90-90CF-4453-9AEE-BFFC4668E2D3}.Debug|Any CPU.ActiveCfg = Debug|Any CPU
		{CD8E7C90-90CF-4453-9AEE-BFFC4668E2D3}.Debug|Any CPU.Build.0 = Debug|Any CPU
		{CD8E7C90-90CF-4453-9AEE-BFFC4668E2D3}.Release|Any CPU.ActiveCfg = Release|Any CPU
		{CD8E7C90-90CF-4453-9AEE-BFFC4668E2D3}.Release|Any CPU.Build.0 = Release|Any CPU
	EndGlobalSection
	GlobalSection(SolutionProperties) = preSolution
		HideSolutionNode = FALSE
	EndGlobalSection
	GlobalSection(ExtensibilityGlobals) = postSolution
		SolutionGuid = {51346D3D-7379-40DF-AB4B-5A90C0409128}
	EndGlobalSection
EndGlobal
