
Microsoft Visual Studio Solution File, Format Version 12.00
# Visual Studio 15
VisualStudioVersion = 15.0.27130.2027
MinimumVisualStudioVersion = 10.0.40219.1
Project("{FAE04EC0-301F-11D3-BF4B-00C04F79EFBC}") = "findlargestprimesmallerthaninput", "findlargestprimesmallerthaninput\findlargestprimesmallerthaninput.csproj", "{1AB627BB-DB64-4091-B515-683F5BBBBB1E}"
EndProject
Global
	GlobalSection(SolutionConfigurationPlatforms) = preSolution
		Debug|Any CPU = Debug|Any CPU
		Release|Any CPU = Release|Any CPU
	EndGlobalSection
	GlobalSection(ProjectConfigurationPlatforms) = postSolution
		{1AB627BB-DB64-4091-B515-683F5BBBBB1E}.Debug|Any CPU.ActiveCfg = Debug|Any CPU
		{1AB627BB-DB64-4091-B515-683F5BBBBB1E}.Debug|Any CPU.Build.0 = Debug|Any CPU
		{1AB627BB-DB64-4091-B515-683F5BBBBB1E}.Release|Any CPU.ActiveCfg = Release|Any CPU
		{1AB627BB-DB64-4091-B515-683F5BBBBB1E}.Release|Any CPU.Build.0 = Release|Any CPU
	EndGlobalSection
	GlobalSection(SolutionProperties) = preSolution
		HideSolutionNode = FALSE
	EndGlobalSection
	GlobalSection(ExtensibilityGlobals) = postSolution
		SolutionGuid = {B393AFD6-8C77-4D3C-905E-7037BEF280E4}
	EndGlobalSection
EndGlobal
